
Microsoft Visual Studio Solution File, Format Version 12.00
# Visual Studio 15
VisualStudioVersion = 15.0.26124.0
MinimumVisualStudioVersion = 15.0.26124.0
Project("{FAE04EC0-301F-11D3-BF4B-00C04F79EFBC}") = "WeTransfer.NET", "src\WeTransfer.NET.csproj", "{B9409B55-2825-477B-9961-EFCF6BB159DC}"
EndProject
Project("{FAE04EC0-301F-11D3-BF4B-00C04F79EFBC}") = "Test", "test\Test.csproj", "{B4B6AAE3-D887-4B5C-B08F-3685359C41A5}"
EndProject
Global
	GlobalSection(SolutionConfigurationPlatforms) = preSolution
		Debug|Any CPU = Debug|Any CPU
		Debug|x64 = Debug|x64
		Debug|x86 = Debug|x86
		Release|Any CPU = Release|Any CPU
		Release|x64 = Release|x64
		Release|x86 = Release|x86
	EndGlobalSection
	GlobalSection(SolutionProperties) = preSolution
		HideSolutionNode = FALSE
	EndGlobalSection
	GlobalSection(ProjectConfigurationPlatforms) = postSolution
		{B9409B55-2825-477B-9961-EFCF6BB159DC}.Debug|Any CPU.ActiveCfg = Debug|Any CPU
		{B9409B55-2825-477B-9961-EFCF6BB159DC}.Debug|Any CPU.Build.0 = Debug|Any CPU
		{B9409B55-2825-477B-9961-EFCF6BB159DC}.Debug|x64.ActiveCfg = Debug|Any CPU
		{B9409B55-2825-477B-9961-EFCF6BB159DC}.Debug|x64.Build.0 = Debug|Any CPU
		{B9409B55-2825-477B-9961-EFCF6BB159DC}.Debug|x86.ActiveCfg = Debug|Any CPU
		{B9409B55-2825-477B-9961-EFCF6BB159DC}.Debug|x86.Build.0 = Debug|Any CPU
		{B9409B55-2825-477B-9961-EFCF6BB159DC}.Release|Any CPU.ActiveCfg = Release|Any CPU
		{B9409B55-2825-477B-9961-EFCF6BB159DC}.Release|Any CPU.Build.0 = Release|Any CPU
		{B9409B55-2825-477B-9961-EFCF6BB159DC}.Release|x64.ActiveCfg = Release|Any CPU
		{B9409B55-2825-477B-9961-EFCF6BB159DC}.Release|x64.Build.0 = Release|Any CPU
		{B9409B55-2825-477B-9961-EFCF6BB159DC}.Release|x86.ActiveCfg = Release|Any CPU
		{B9409B55-2825-477B-9961-EFCF6BB159DC}.Release|x86.Build.0 = Release|Any CPU
		{B4B6AAE3-D887-4B5C-B08F-3685359C41A5}.Debug|Any CPU.ActiveCfg = Debug|Any CPU
		{B4B6AAE3-D887-4B5C-B08F-3685359C41A5}.Debug|Any CPU.Build.0 = Debug|Any CPU
		{B4B6AAE3-D887-4B5C-B08F-3685359C41A5}.Debug|x64.ActiveCfg = Debug|Any CPU
		{B4B6AAE3-D887-4B5C-B08F-3685359C41A5}.Debug|x64.Build.0 = Debug|Any CPU
		{B4B6AAE3-D887-4B5C-B08F-3685359C41A5}.Debug|x86.ActiveCfg = Debug|Any CPU
		{B4B6AAE3-D887-4B5C-B08F-3685359C41A5}.Debug|x86.Build.0 = Debug|Any CPU
		{B4B6AAE3-D887-4B5C-B08F-3685359C41A5}.Release|Any CPU.ActiveCfg = Release|Any CPU
		{B4B6AAE3-D887-4B5C-B08F-3685359C41A5}.Release|Any CPU.Build.0 = Release|Any CPU
		{B4B6AAE3-D887-4B5C-B08F-3685359C41A5}.Release|x64.ActiveCfg = Release|Any CPU
		{B4B6AAE3-D887-4B5C-B08F-3685359C41A5}.Release|x64.Build.0 = Release|Any CPU
		{B4B6AAE3-D887-4B5C-B08F-3685359C41A5}.Release|x86.ActiveCfg = Release|Any CPU
		{B4B6AAE3-D887-4B5C-B08F-3685359C41A5}.Release|x86.Build.0 = Release|Any CPU
	EndGlobalSection
EndGlobal
